
Microsoft Visual Studio Solution File, Format Version 12.00
# Visual Studio 15
VisualStudioVersion = 15.0.28307.779
MinimumVisualStudioVersion = 10.0.40219.1
Project("{FAE04EC0-301F-11D3-BF4B-00C04F79EFBC}") = "IS403Project1", "IS403Project1\IS403Project1.csproj", "{13506366-D553-49EC-AF53-878E62FF7E48}"
EndProject
Global
	GlobalSection(SolutionConfigurationPlatforms) = preSolution
		Debug|Any CPU = Debug|Any CPU
		Release|Any CPU = Release|Any CPU
	EndGlobalSection
	GlobalSection(ProjectConfigurationPlatforms) = postSolution
		{13506366-D553-49EC-AF53-878E62FF7E48}.Debug|Any CPU.ActiveCfg = Debug|Any CPU
		{13506366-D553-49EC-AF53-878E62FF7E48}.Debug|Any CPU.Build.0 = Debug|Any CPU
		{13506366-D553-49EC-AF53-878E62FF7E48}.Release|Any CPU.ActiveCfg = Release|Any CPU
		{13506366-D553-49EC-AF53-878E62FF7E48}.Release|Any CPU.Build.0 = Release|Any CPU
	EndGlobalSection
	GlobalSection(SolutionProperties) = preSolution
		HideSolutionNode = FALSE
	EndGlobalSection
	GlobalSection(ExtensibilityGlobals) = postSolution
		SolutionGuid = {2E04D665-3722-45FD-921C-72FC9F9DFA86}
	EndGlobalSection
EndGlobal
